
Microsoft Visual Studio Solution File, Format Version 12.00
# Visual Studio Version 17
VisualStudioVersion = 17.4.33103.184
MinimumVisualStudioVersion = 10.0.40219.1
Project("{FAE04EC0-301F-11D3-BF4B-00C04F79EFBC}") = "RestoranDesktopApp", "RestoranDesktopApp\RestoranDesktopApp.csproj", "{6EC03168-278D-4BCF-99AE-E081818D91A5}"
EndProject
Global
	GlobalSection(SolutionConfigurationPlatforms) = preSolution
		Debug|Any CPU = Debug|Any CPU
		Release|Any CPU = Release|Any CPU
	EndGlobalSection
	GlobalSection(ProjectConfigurationPlatforms) = postSolution
		{6EC03168-278D-4BCF-99AE-E081818D91A5}.Debug|Any CPU.ActiveCfg = Debug|Any CPU
		{6EC03168-278D-4BCF-99AE-E081818D91A5}.Debug|Any CPU.Build.0 = Debug|Any CPU
		{6EC03168-278D-4BCF-99AE-E081818D91A5}.Release|Any CPU.ActiveCfg = Release|Any CPU
		{6EC03168-278D-4BCF-99AE-E081818D91A5}.Release|Any CPU.Build.0 = Release|Any CPU
	EndGlobalSection
	GlobalSection(SolutionProperties) = preSolution
		HideSolutionNode = FALSE
	EndGlobalSection
	GlobalSection(ExtensibilityGlobals) = postSolution
		SolutionGuid = {458B9F49-9F2D-4550-A3FA-D137F6DDFB35}
	EndGlobalSection
EndGlobal
